// !$*UTF8*$!
{
	archiveVersion = 1;
	classes = {
	};
	objectVersion = 46;
	objects = {

/* Begin PBXBuildFile section */
		1B2168501E5CB867000928E0 /* GoogleService-Info.plist in Resources */ = {isa = PBXBuildFile; fileRef = 1B21684F1E5CB867000928E0 /* GoogleService-Info.plist */; };
		1B2168571E5CC082000928E0 /* TableViewController.swift in Sources */ = {isa = PBXBuildFile; fileRef = 1B2168531E5CC082000928E0 /* TableViewController.swift */; };
		1B21685A1E5CD0CA000928E0 /* struct.swift in Sources */ = {isa = PBXBuildFile; fileRef = 1B2168591E5CD0CA000928E0 /* struct.swift */; };
		1B21685C1E5CD167000928E0 /* add.swift in Sources */ = {isa = PBXBuildFile; fileRef = 1B21685B1E5CD167000928E0 /* add.swift */; };
		1B9B12EA1E5CD6DC003D6CF1 /* CustomTableViewCell.swift in Sources */ = {isa = PBXBuildFile; fileRef = 1B9B12E91E5CD6DC003D6CF1 /* CustomTableViewCell.swift */; };
		1BD56A491E5CE83600814A88 /* UpdateViewController.swift in Sources */ = {isa = PBXBuildFile; fileRef = 1BD56A481E5CE83600814A88 /* UpdateViewController.swift */; };
		1BDDB32F1E417A4C00490D88 /* AppDelegate.swift in Sources */ = {isa = PBXBuildFile; fileRef = 1BDDB32E1E417A4C00490D88 /* AppDelegate.swift */; };
		1BDDB3341E417A4C00490D88 /* Main.storyboard in Resources */ = {isa = PBXBuildFile; fileRef = 1BDDB3321E417A4C00490D88 /* Main.storyboard */; };
		1BDDB3361E417A4C00490D88 /* Assets.xcassets in Resources */ = {isa = PBXBuildFile; fileRef = 1BDDB3351E417A4C00490D88 /* Assets.xcassets */; };
		1BDDB3391E417A4C00490D88 /* LaunchScreen.storyboard in Resources */ = {isa = PBXBuildFile; fileRef = 1BDDB3371E417A4C00490D88 /* LaunchScreen.storyboard */; };
		A8DF89F046F818C64452F759 /* Pods_ToDoList_App.framework in Frameworks */ = {isa = PBXBuildFile; fileRef = FB5B2B8D6F1610391A9FB515 /* Pods_ToDoList_App.framework */; };
/* End PBXBuildFile section */

/* Begin PBXFileReference section */
		1B21684F1E5CB867000928E0 /* GoogleService-Info.plist */ = {isa = PBXFileReference; fileEncoding = 4; lastKnownFileType = text.plist.xml; path = "GoogleService-Info.plist"; sourceTree = "<group>"; };
		1B2168531E5CC082000928E0 /* TableViewController.swift */ = {isa = PBXFileReference; fileEncoding = 4; lastKnownFileType = sourcecode.swift; path = TableViewController.swift; sourceTree = "<group>"; };
		1B2168591E5CD0CA000928E0 /* struct.swift */ = {isa = PBXFileReference; fileEncoding = 4; lastKnownFileType = sourcecode.swift; path = struct.swift; sourceTree = "<group>"; };
		1B21685B1E5CD167000928E0 /* add.swift */ = {isa = PBXFileReference; fileEncoding = 4; lastKnownFileType = sourcecode.swift; path = add.swift; sourceTree = "<group>"; };
		1B9B12E91E5CD6DC003D6CF1 /* CustomTableViewCell.swift */ = {isa = PBXFileReference; fileEncoding = 4; lastKnownFileType = sourcecode.swift; path = CustomTableViewCell.swift; sourceTree = "<group>"; };
		1BD56A481E5CE83600814A88 /* UpdateViewController.swift */ = {isa = PBXFileReference; fileEncoding = 4; lastKnownFileType = sourcecode.swift; path = UpdateViewController.swift; sourceTree = "<group>"; };
		1BDDB32B1E417A4C00490D88 /* ToDoList App.app */ = {isa = PBXFileReference; explicitFileType = wrapper.application; includeInIndex = 0; path = "ToDoList App.app"; sourceTree = BUILT_PRODUCTS_DIR; };
		1BDDB32E1E417A4C00490D88 /* AppDelegate.swift */ = {isa = PBXFileReference; lastKnownFileType = sourcecode.swift; path = AppDelegate.swift; sourceTree = "<group>"; };
		1BDDB3331E417A4C00490D88 /* Base */ = {isa = PBXFileReference; lastKnownFileType = file.storyboard; name = Base; path = Base.lproj/Main.storyboard; sourceTree = "<group>"; };
		1BDDB3351E417A4C00490D88 /* Assets.xcassets */ = {isa = PBXFileReference; lastKnownFileType = folder.assetcatalog; path = Assets.xcassets; sourceTree = "<group>"; };
		1BDDB3381E417A4C00490D88 /* Base */ = {isa = PBXFileReference; lastKnownFileType = file.storyboard; name = Base; path = Base.lproj/LaunchScreen.storyboard; sourceTree = "<group>"; };
		1BDDB33A1E417A4C00490D88 /* Info.plist */ = {isa = PBXFileReference; lastKnownFileType = text.plist.xml; path = Info.plist; sourceTree = "<group>"; };
		323D6D30563CC898DD144402 /* Pods-ToDoList App.debug.xcconfig */ = {isa = PBXFileReference; includeInIndex = 1; lastKnownFileType = text.xcconfig; name = "Pods-ToDoList App.debug.xcconfig"; path = "Pods/Target Support Files/Pods-ToDoList App/Pods-ToDoList App.debug.xcconfig"; sourceTree = "<group>"; };
		EDE6E16E6654FBF1D51D1234 /* Pods-ToDoList App.release.xcconfig */ = {isa = PBXFileReference; includeInIndex = 1; lastKnownFileType = text.xcconfig; name = "Pods-ToDoList App.release.xcconfig"; path = "Pods/Target Support Files/Pods-ToDoList App/Pods-ToDoList App.release.xcconfig"; sourceTree = "<group>"; };
		FB5B2B8D6F1610391A9FB515 /* Pods_ToDoList_App.framework */ = {isa = PBXFileReference; explicitFileType = wrapper.framework; includeInIndex = 0; path = Pods_ToDoList_App.framework; sourceTree = BUILT_PRODUCTS_DIR; };
/* End PBXFileReference section */

/* Begin PBXFrameworksBuildPhase section */
		1BDDB3281E417A4C00490D88 /* Frameworks */ = {
			isa = PBXFrameworksBuildPhase;
			buildActionMask = 2147483647;
			files = (
				A8DF89F046F818C64452F759 /* Pods_ToDoList_App.framework in Frameworks */,
			);
			runOnlyForDeploymentPostprocessing = 0;
		};
/* End PBXFrameworksBuildPhase section */

/* Begin PBXGroup section */
		1BDDB3221E417A4C00490D88 = {
			isa = PBXGroup;
			children = (
				1BDDB32D1E417A4C00490D88 /* ToDoList App */,
				1BDDB32C1E417A4C00490D88 /* Products */,
				59E7DD1EE1EC82C8361D82A7 /* Pods */,
				E04B0CDF6A3AABDDFFD8B70A /* Frameworks */,
			);
			sourceTree = "<group>";
		};
		1BDDB32C1E417A4C00490D88 /* Products */ = {
			isa = PBXGroup;
			children = (
				1BDDB32B1E417A4C00490D88 /* ToDoList App.app */,
			);
			name = Products;
			sourceTree = "<group>";
		};
		1BDDB32D1E417A4C00490D88 /* ToDoList App */ = {
			isa = PBXGroup;
			children = (
				1B2168531E5CC082000928E0 /* TableViewController.swift */,
				1BD56A481E5CE83600814A88 /* UpdateViewController.swift */,
				1BDDB32E1E417A4C00490D88 /* AppDelegate.swift */,
				1B9B12E91E5CD6DC003D6CF1 /* CustomTableViewCell.swift */,
				1BDDB3321E417A4C00490D88 /* Main.storyboard */,
				1BDDB3351E417A4C00490D88 /* Assets.xcassets */,
				1BDDB3371E417A4C00490D88 /* LaunchScreen.storyboard */,
				1BDDB33A1E417A4C00490D88 /* Info.plist */,
				1B21684F1E5CB867000928E0 /* GoogleService-Info.plist */,
				1B2168591E5CD0CA000928E0 /* struct.swift */,
				1B21685B1E5CD167000928E0 /* add.swift */,
			);
			path = "ToDoList App";
			sourceTree = "<group>";
		};
		59E7DD1EE1EC82C8361D82A7 /* Pods */ = {
			isa = PBXGroup;
			children = (
				323D6D30563CC898DD144402 /* Pods-ToDoList App.debug.xcconfig */,
				EDE6E16E6654FBF1D51D1234 /* Pods-ToDoList App.release.xcconfig */,
			);
			name = Pods;
			sourceTree = "<group>";
		};
		E04B0CDF6A3AABDDFFD8B70A /* Frameworks */ = {
			isa = PBXGroup;
			children = (
				FB5B2B8D6F1610391A9FB515 /* Pods_ToDoList_App.framework */,
			);
			name = Frameworks;
			sourceTree = "<group>";
		};
/* End PBXGroup section */

/* Begin PBXNativeTarget section */
		1BDDB32A1E417A4C00490D88 /* ToDoList App */ = {
			isa = PBXNativeTarget;
			buildConfigurationList = 1BDDB33D1E417A4C00490D88 /* Build configuration list for PBXNativeTarget "ToDoList App" */;
			buildPhases = (
				5F1F43B1BA0CA44CBE865BFA /* [CP] Check Pods Manifest.lock */,
				1BDDB3271E417A4C00490D88 /* Sources */,
				1BDDB3281E417A4C00490D88 /* Frameworks */,
				1BDDB3291E417A4C00490D88 /* Resources */,
				965CC3C6CFE4CB6E28F85392 /* [CP] Embed Pods Frameworks */,
				184CD48DE8ED78E0B927AE10 /* [CP] Copy Pods Resources */,
			);
			buildRules = (
			);
			dependencies = (
			);
			name = "ToDoList App";
			productName = "ToDoList App";
			productReference = 1BDDB32B1E417A4C00490D88 /* ToDoList App.app */;
			productType = "com.apple.product-type.application";
		};
/* End PBXNativeTarget section */

/* Begin PBXProject section */
		1BDDB3231E417A4C00490D88 /* Project object */ = {
			isa = PBXProject;
			attributes = {
				LastSwiftUpdateCheck = 0800;
				LastUpgradeCheck = 0800;
				ORGANIZATIONNAME = segy;
				TargetAttributes = {
					1BDDB32A1E417A4C00490D88 = {
						CreatedOnToolsVersion = 8.0;
						ProvisioningStyle = Automatic;
					};
				};
			};
			buildConfigurationList = 1BDDB3261E417A4C00490D88 /* Build configuration list for PBXProject "ToDoList App" */;
			compatibilityVersion = "Xcode 3.2";
			developmentRegion = English;
			hasScannedForEncodings = 0;
			knownRegions = (
				en,
				Base,
			);
			mainGroup = 1BDDB3221E417A4C00490D88;
			productRefGroup = 1BDDB32C1E417A4C00490D88 /* Products */;
			projectDirPath = "";
			projectRoot = "";
			targets = (
				1BDDB32A1E417A4C00490D88 /* ToDoList App */,
			);
		};
/* End PBXProject section */

/* Begin PBXResourcesBuildPhase section */
		1BDDB3291E417A4C00490D88 /* Resources */ = {
			isa = PBXResourcesBuildPhase;
			buildActionMask = 2147483647;
			files = (
				1BDDB3391E417A4C00490D88 /* LaunchScreen.storyboard in Resources */,
				1B2168501E5CB867000928E0 /* GoogleService-Info.plist in Resources */,
				1BDDB3361E417A4C00490D88 /* Assets.xcassets in Resources */,
				1BDDB3341E417A4C00490D88 /* Main.storyboard in Resources */,
			);
			runOnlyForDeploymentPostprocessing = 0;
		};
/* End PBXResourcesBuildPhase section */

/* Begin PBXShellScriptBuildPhase section */
		184CD48DE8ED78E0B927AE10 /* [CP] Copy Pods Resources */ = {
			isa = PBXShellScriptBuildPhase;
			buildActionMask = 2147483647;
			files = (
			);
			inputPaths = (
			);
			name = "[CP] Copy Pods Resources";
			outputPaths = (
			);
			runOnlyForDeploymentPostprocessing = 0;
			shellPath = /bin/sh;
			shellScript = "\"${SRCROOT}/Pods/Target Support Files/Pods-ToDoList App/Pods-ToDoList App-resources.sh\"\n";
			showEnvVarsInLog = 0;
		};
		5F1F43B1BA0CA44CBE865BFA /* [CP] Check Pods Manifest.lock */ = {
			isa = PBXShellScriptBuildPhase;
			buildActionMask = 2147483647;
			files = (
			);
			inputPaths = (
			);
			name = "[CP] Check Pods Manifest.lock";
			outputPaths = (
			);
			runOnlyForDeploymentPostprocessing = 0;
			shellPath = /bin/sh;
			shellScript = "diff \"${PODS_ROOT}/../Podfile.lock\" \"${PODS_ROOT}/Manifest.lock\" > /dev/null\nif [ $? != 0 ] ; then\n    # print error to STDERR\n    echo \"error: The sandbox is not in sync with the Podfile.lock. Run 'pod install' or update your CocoaPods installation.\" >&2\n    exit 1\nfi\n";
			showEnvVarsInLog = 0;
		};
		965CC3C6CFE4CB6E28F85392 /* [CP] Embed Pods Frameworks */ = {
			isa = PBXShellScriptBuildPhase;
			buildActionMask = 2147483647;
			files = (
			);
			inputPaths = (
			);
			name = "[CP] Embed Pods Frameworks";
			outputPaths = (
			);
			runOnlyForDeploymentPostprocessing = 0;
			shellPath = /bin/sh;
			shellScript = "\"${SRCROOT}/Pods/Target Support Files/Pods-ToDoList App/Pods-ToDoList App-frameworks.sh\"\n";
			showEnvVarsInLog = 0;
		};
/* End PBXShellScriptBuildPhase section */

/* Begin PBXSourcesBuildPhase section */
		1BDDB3271E417A4C00490D88 /* Sources */ = {
			isa = PBXSourcesBuildPhase;
			buildActionMask = 2147483647;
			files = (
				1B2168571E5CC082000928E0 /* TableViewController.swift in Sources */,
				1B21685A1E5CD0CA000928E0 /* struct.swift in Sources */,
				1B9B12EA1E5CD6DC003D6CF1 /* CustomTableViewCell.swift in Sources */,
				1B21685C1E5CD167000928E0 /* add.swift in Sources */,
				1BDDB32F1E417A4C00490D88 /* AppDelegate.swift in Sources */,
				1BD56A491E5CE83600814A88 /* UpdateViewController.swift in Sources */,
			);
			runOnlyForDeploymentPostprocessing = 0;
		};
/* End PBXSourcesBuildPhase section */

/* Begin PBXVariantGroup section */
		1BDDB3321E417A4C00490D88 /* Main.storyboard */ = {
			isa = PBXVariantGroup;
			children = (
				1BDDB3331E417A4C00490D88 /* Base */,
			);
			name = Main.storyboard;
			sourceTree = "<group>";
		};
		1BDDB3371E417A4C00490D88 /* LaunchScreen.storyboard */ = {
			isa = PBXVariantGroup;
			children = (
				1BDDB3381E417A4C00490D88 /* Base */,
			);
			name = LaunchScreen.storyboard;
			sourceTree = "<group>";
		};
/* End PBXVariantGroup section */

/* Begin XCBuildConfiguration section */
		1BDDB33B1E417A4C00490D88 /* Debug */ = {
			isa = XCBuildConfiguration;
			buildSettings = {
				ALWAYS_SEARCH_USER_PATHS = NO;
				CLANG_ANALYZER_NONNULL = YES;
				CLANG_CXX_LANGUAGE_STANDARD = "gnu++0x";
				CLANG_CXX_LIBRARY = "libc++";
				CLANG_ENABLE_MODULES = YES;
				CLANG_ENABLE_OBJC_ARC = YES;
				CLANG_WARN_BOOL_CONVERSION = YES;
				CLANG_WARN_CONSTANT_CONVERSION = YES;
				CLANG_WARN_DIRECT_OBJC_ISA_USAGE = YES_ERROR;
				CLANG_WARN_DOCUMENTATION_COMMENTS = YES;
				CLANG_WARN_EMPTY_BODY = YES;
				CLANG_WARN_ENUM_CONVERSION = YES;
				CLANG_WARN_INFINITE_RECURSION = YES;
				CLANG_WARN_INT_CONVERSION = YES;
				CLANG_WARN_OBJC_ROOT_CLASS = YES_ERROR;
				CLANG_WARN_SUSPICIOUS_MOVES = YES;
				CLANG_WARN_UNREACHABLE_CODE = YES;
				CLANG_WARN__DUPLICATE_METHOD_MATCH = YES;
				"CODE_SIGN_IDENTITY[sdk=iphoneos*]" = "iPhone Developer";
				COPY_PHASE_STRIP = NO;
				DEBUG_INFORMATION_FORMAT = dwarf;
				ENABLE_STRICT_OBJC_MSGSEND = YES;
				ENABLE_TESTABILITY = YES;
				GCC_C_LANGUAGE_STANDARD = gnu99;
				GCC_DYNAMIC_NO_PIC = NO;
				GCC_NO_COMMON_BLOCKS = YES;
				GCC_OPTIMIZATION_LEVEL = 0;
				GCC_PREPROCESSOR_DEFINITIONS = (
					"DEBUG=1",
					"$(inherited)",
				);
				GCC_WARN_64_TO_32_BIT_CONVERSION = YES;
				GCC_WARN_ABOUT_RETURN_TYPE = YES_ERROR;
				GCC_WARN_UNDECLARED_SELECTOR = YES;
				GCC_WARN_UNINITIALIZED_AUTOS = YES_AGGRESSIVE;
				GCC_WARN_UNUSED_FUNCTION = YES;
				GCC_WARN_UNUSED_VARIABLE = YES;
				IPHONEOS_DEPLOYMENT_TARGET = 10.0;
				MTL_ENABLE_DEBUG_INFO = YES;
				ONLY_ACTIVE_ARCH = YES;
				SDKROOT = iphoneos;
				SWIFT_ACTIVE_COMPILATION_CONDITIONS = DEBUG;
				SWIFT_OPTIMIZATION_LEVEL = "-Onone";
				TARGETED_DEVICE_FAMILY = "1,2";
			};
			name = Debug;
		};
		1BDDB33C1E417A4C00490D88 /* Release */ = {
			isa = XCBuildConfiguration;
			buildSettings = {
				ALWAYS_SEARCH_USER_PATHS = NO;
				CLANG_ANALYZER_NONNULL = YES;
				CLANG_CXX_LANGUAGE_STANDARD = "gnu++0x";
				CLANG_CXX_LIBRARY = "libc++";
				CLANG_ENABLE_MODULES = YES;
				CLANG_ENABLE_OBJC_ARC = YES;
				CLANG_WARN_BOOL_CONVERSION = YES;
				CLANG_WARN_CONSTANT_CONVERSION = YES;
				CLANG_WARN_DIRECT_OBJC_ISA_USAGE = YES_ERROR;
				CLANG_WARN_DOCUMENTATION_COMMENTS = YES;
				CLANG_WARN_EMPTY_BODY = YES;
				CLANG_WARN_ENUM_CONVERSION = YES;
				CLANG_WARN_INFINITE_RECURSION = YES;
				CLANG_WARN_INT_CONVERSION = YES;
				CLANG_WARN_OBJC_ROOT_CLASS = YES_ERROR;
				CLANG_WARN_SUSPICIOUS_MOVES = YES;
				CLANG_WARN_UNREACHABLE_CODE = YES;
				CLANG_WARN__DUPLICATE_METHOD_MATCH = YES;
				"CODE_SIGN_IDENTITY[sdk=iphoneos*]" = "iPhone Developer";
				COPY_PHASE_STRIP = NO;
				DEBUG_INFORMATION_FORMAT = "dwarf-with-dsym";
				ENABLE_NS_ASSERTIONS = NO;
				ENABLE_STRICT_OBJC_MSGSEND = YES;
				GCC_C_LANGUAGE_STANDARD = gnu99;
				GCC_NO_COMMON_BLOCKS = YES;
				GCC_WARN_64_TO_32_BIT_CONVERSION = YES;
				GCC_WARN_ABOUT_RETURN_TYPE = YES_ERROR;
				GCC_WARN_UNDECLARED_SELECTOR = YES;
				GCC_WARN_UNINITIALIZED_AUTOS = YES_AGGRESSIVE;
				GCC_WARN_UNUSED_FUNCTION = YES;
				GCC_WARN_UNUSED_VARIABLE = YES;
				IPHONEOS_DEPLOYMENT_TARGET = 10.0;
				MTL_ENABLE_DEBUG_INFO = NO;
				SDKROOT = iphoneos;
				SWIFT_OPTIMIZATION_LEVEL = "-Owholemodule";
				TARGETED_DEVICE_FAMILY = "1,2";
				VALIDATE_PRODUCT = YES;
			};
			name = Release;
		};
		1BDDB33E1E417A4C00490D88 /* Debug */ = {
			isa = XCBuildConfiguration;
			baseConfigurationReference = 323D6D30563CC898DD144402 /* Pods-ToDoList App.debug.xcconfig */;
			buildSettings = {
				ASSETCATALOG_COMPILER_APPICON_NAME = AppIcon;
				INFOPLIST_FILE = "ToDoList App/Info.plist";
				LD_RUNPATH_SEARCH_PATHS = "$(inherited) @executable_path/Frameworks";
				PRODUCT_BUNDLE_IDENTIFIER = "sagar.ToDoList-App";
				PRODUCT_NAME = "$(TARGET_NAME)";
				SWIFT_VERSION = 3.0;
			};
			name = Debug;
		};
		1BDDB33F1E417A4C00490D88 /* Release */ = {
			isa = XCBuildConfiguration;
			baseConfigurationReference = EDE6E16E6654FBF1D51D1234 /* Pods-ToDoList App.release.xcconfig */;
			buildSettings = {
				ASSETCATALOG_COMPILER_APPICON_NAME = AppIcon;
				INFOPLIST_FILE = "ToDoList App/Info.plist";
				LD_RUNPATH_SEARCH_PATHS = "$(inherited) @executable_path/Frameworks";
				PRODUCT_BUNDLE_IDENTIFIER = "sagar.ToDoList-App";
				PRODUCT_NAME = "$(TARGET_NAME)";
				SWIFT_VERSION = 3.0;
			};
			name = Release;
		};
/* End XCBuildConfiguration section */

/* Begin XCConfigurationList section */
		1BDDB3261E417A4C00490D88 /* Build configuration list for PBXProject "ToDoList App" */ = {
			isa = XCConfigurationList;
			buildConfigurations = (
				1BDDB33B1E417A4C00490D88 /* Debug */,
				1BDDB33C1E417A4C00490D88 /* Release */,
			);
			defaultConfigurationIsVisible = 0;
			defaultConfigurationName = Release;
		};
		1BDDB33D1E417A4C00490D88 /* Build configuration list for PBXNativeTarget "ToDoList App" */ = {
			isa = XCConfigurationList;
			buildConfigurations = (
				1BDDB33E1E417A4C00490D88 /* Debug */,
				1BDDB33F1E417A4C00490D88 /* Release */,
			);
			defaultConfigurationIsVisible = 0;
			defaultConfigurationName = Release;
		};
/* End XCConfigurationList section */
	};
	rootObject = 1BDDB3231E417A4C00490D88 /* Project object */;
}
